{
  "name": "pub-sub",
  "lockfileVersion": 3,
  "requires": true,
  "packages": {
    "": {
      "dependencies": {
        "lzbase62": "^2.0.0"
      }
    },
    "node_modules/lzbase62": {
      "version": "2.0.0",
      "resolved": "https://registry.npmjs.org/lzbase62/-/lzbase62-2.0.0.tgz",
      "integrity": "sha512-hq7ZI8T42YVgSxCFHzg/Gt3GUKGZdQXKejvubdLjzxjiF5Tn9xKoWvZLZSY1u0+Orct+bxQMmb8XIcbXzR+2tg==",
      "engines": {
        "node": ">=8.10.0"
      }
    }
  }
}
